
Microsoft Visual Studio Solution File, Format Version 12.00
# Visual Studio Version 16
VisualStudioVersion = 16.0.29728.190
MinimumVisualStudioVersion = 10.0.40219.1
Project("{FAE04EC0-301F-11D3-BF4B-00C04F79EFBC}") = "Projectname", "Projectname\Projectname.csproj", "{69C179FD-73C6-4B7C-AFB9-E959E574F317}"
EndProject
Global
	GlobalSection(SolutionConfigurationPlatforms) = preSolution
		Debug|Any CPU = Debug|Any CPU
		Release|Any CPU = Release|Any CPU
	EndGlobalSection
	GlobalSection(ProjectConfigurationPlatforms) = postSolution
		{69C179FD-73C6-4B7C-AFB9-E959E574F317}.Debug|Any CPU.ActiveCfg = Debug|Any CPU
		{69C179FD-73C6-4B7C-AFB9-E959E574F317}.Debug|Any CPU.Build.0 = Debug|Any CPU
		{69C179FD-73C6-4B7C-AFB9-E959E574F317}.Release|Any CPU.ActiveCfg = Release|Any CPU
		{69C179FD-73C6-4B7C-AFB9-E959E574F317}.Release|Any CPU.Build.0 = Release|Any CPU
	EndGlobalSection
	GlobalSection(SolutionProperties) = preSolution
		HideSolutionNode = FALSE
	EndGlobalSection
	GlobalSection(ExtensibilityGlobals) = postSolution
		SolutionGuid = {DE669C15-482B-4AD6-B9A9-964D2BB9C4BB}
	EndGlobalSection
EndGlobal
