
Microsoft Visual Studio Solution File, Format Version 12.00
# Visual Studio Version 16
VisualStudioVersion = 16.0.29728.190
MinimumVisualStudioVersion = 10.0.40219.1
Project("{FAE04EC0-301F-11D3-BF4B-00C04F79EFBC}") = "Projectname", "Projectname\Projectname.csproj", "{C6BEE4B6-D981-489B-993A-30AEE47E7FF5}"
EndProject
Global
	GlobalSection(SolutionConfigurationPlatforms) = preSolution
		Debug|Any CPU = Debug|Any CPU
		Release|Any CPU = Release|Any CPU
	EndGlobalSection
	GlobalSection(ProjectConfigurationPlatforms) = postSolution
		{C6BEE4B6-D981-489B-993A-30AEE47E7FF5}.Debug|Any CPU.ActiveCfg = Debug|Any CPU
		{C6BEE4B6-D981-489B-993A-30AEE47E7FF5}.Debug|Any CPU.Build.0 = Debug|Any CPU
		{C6BEE4B6-D981-489B-993A-30AEE47E7FF5}.Release|Any CPU.ActiveCfg = Release|Any CPU
		{C6BEE4B6-D981-489B-993A-30AEE47E7FF5}.Release|Any CPU.Build.0 = Release|Any CPU
	EndGlobalSection
	GlobalSection(SolutionProperties) = preSolution
		HideSolutionNode = FALSE
	EndGlobalSection
	GlobalSection(ExtensibilityGlobals) = postSolution
		SolutionGuid = {9299356A-2B4D-4A95-AC90-477C13FF4BEE}
	EndGlobalSection
EndGlobal
