
Microsoft Visual Studio Solution File, Format Version 12.00
# Visual Studio Version 16
VisualStudioVersion = 16.0.29728.190
MinimumVisualStudioVersion = 10.0.40219.1
Project("{FAE04EC0-301F-11D3-BF4B-00C04F79EFBC}") = "Projectname", "Projectname\Projectname.csproj", "{40C9303F-FD66-4AE6-BAA5-EF01D82FAF3A}"
EndProject
Global
	GlobalSection(SolutionConfigurationPlatforms) = preSolution
		Debug|Any CPU = Debug|Any CPU
		Release|Any CPU = Release|Any CPU
	EndGlobalSection
	GlobalSection(ProjectConfigurationPlatforms) = postSolution
		{40C9303F-FD66-4AE6-BAA5-EF01D82FAF3A}.Debug|Any CPU.ActiveCfg = Debug|Any CPU
		{40C9303F-FD66-4AE6-BAA5-EF01D82FAF3A}.Debug|Any CPU.Build.0 = Debug|Any CPU
		{40C9303F-FD66-4AE6-BAA5-EF01D82FAF3A}.Release|Any CPU.ActiveCfg = Release|Any CPU
		{40C9303F-FD66-4AE6-BAA5-EF01D82FAF3A}.Release|Any CPU.Build.0 = Release|Any CPU
	EndGlobalSection
	GlobalSection(SolutionProperties) = preSolution
		HideSolutionNode = FALSE
	EndGlobalSection
	GlobalSection(ExtensibilityGlobals) = postSolution
		SolutionGuid = {48D66774-EA43-4B6D-9784-5D74CAE59865}
	EndGlobalSection
EndGlobal
