
Microsoft Visual Studio Solution File, Format Version 12.00
# Visual Studio Version 16
VisualStudioVersion = 16.0.29728.190
MinimumVisualStudioVersion = 10.0.40219.1
Project("{FAE04EC0-301F-11D3-BF4B-00C04F79EFBC}") = "Projectname", "Projectname\Projectname.csproj", "{C55FBFE8-FF7A-43E3-9676-EC8519425703}"
EndProject
Global
	GlobalSection(SolutionConfigurationPlatforms) = preSolution
		Debug|Any CPU = Debug|Any CPU
		Release|Any CPU = Release|Any CPU
	EndGlobalSection
	GlobalSection(ProjectConfigurationPlatforms) = postSolution
		{C55FBFE8-FF7A-43E3-9676-EC8519425703}.Debug|Any CPU.ActiveCfg = Debug|Any CPU
		{C55FBFE8-FF7A-43E3-9676-EC8519425703}.Debug|Any CPU.Build.0 = Debug|Any CPU
		{C55FBFE8-FF7A-43E3-9676-EC8519425703}.Release|Any CPU.ActiveCfg = Release|Any CPU
		{C55FBFE8-FF7A-43E3-9676-EC8519425703}.Release|Any CPU.Build.0 = Release|Any CPU
	EndGlobalSection
	GlobalSection(SolutionProperties) = preSolution
		HideSolutionNode = FALSE
	EndGlobalSection
	GlobalSection(ExtensibilityGlobals) = postSolution
		SolutionGuid = {60BDA13D-7ED2-4FF3-BC45-EF2EC80A301B}
	EndGlobalSection
EndGlobal
